{
  "name": "webcam-canvas-app",
  "lockfileVersion": 3,
  "requires": true,
  "packages": {
    "": {
      "name": "webcam-canvas-app",
      "dependencies": {
        "@mediapipe/tasks-vision": "^0.10.35",
        "three": "^0.179.1"
      }
    },
    "node_modules/@mediapipe/tasks-vision": {
      "version": "0.10.35",
      "resolved": "https://registry.npmjs.org/@mediapipe/tasks-vision/-/tasks-vision-0.10.35.tgz",
      "integrity": "sha512-HOvadwVRE6JC+45nyYhmnywnr5h/J8KZvOeUNVOG9q/0875pZgItznFB9bRTvLc264YSJqiZ1NsIpCStJw/egg==",
      "license": "Apache-2.0"
    },
    "node_modules/three": {
      "version": "0.179.1",
      "resolved": "https://registry.npmjs.org/three/-/three-0.179.1.tgz",
      "integrity": "sha512-5y/elSIQbrvKOISxpwXCR4sQqHtGiOI+MKLc3SsBdDXA2hz3Mdp3X59aUp8DyybMa34aeBwbFTpdoLJaUDEWSw==",
      "license": "MIT"
    }
  }
}
